{
  "name": "tech-book-vol18-exhibition",
  "version": "1.0.0",
  "lockfileVersion": 3,
  "requires": true,
  "packages": {
    "": {
      "name": "tech-book-vol18-exhibition",
      "version": "1.0.0",
      "license": "ISC",
      "dependencies": {
        "@chirimen/neopixel-i2c": "^1.0.3"
      }
    },
    "node_modules/@chirimen/neopixel-i2c": {
      "version": "1.0.3",
      "resolved": "https://registry.npmjs.org/@chirimen/neopixel-i2c/-/neopixel-i2c-1.0.3.tgz",
      "integrity": "sha512-W3ZZDa1/NqAz9dZXc1/2t+fhgy3NIMcUMNo1AlLu/zsOKjnF0YAmvtS0X9qQoryLOsmRNl7QMXqPKfJUE08U6w==",
      "license": "MIT"
    }
  }
}
